
Microsoft Visual Studio Solution File, Format Version 12.00
Project("{FAE04EC0-301F-11D3-BF4B-00C04F79EFBC}") = "ConverterApplication", "ConverterApplication\ConverterApplication.csproj", "{87C00E0C-AF21-4D05-801F-D8DD4B55A685}"
EndProject
Project("{FAE04EC0-301F-11D3-BF4B-00C04F79EFBC}") = "ConverterApplication.Tests", "ConverterApplication.Tests\ConverterApplication.Tests.csproj", "{F79AEC82-DE86-4F7F-8618-9984BD272A95}"
EndProject
Global
	GlobalSection(SolutionConfigurationPlatforms) = preSolution
		Debug|Any CPU = Debug|Any CPU
		Release|Any CPU = Release|Any CPU
	EndGlobalSection
	GlobalSection(ProjectConfigurationPlatforms) = postSolution
		{87C00E0C-AF21-4D05-801F-D8DD4B55A685}.Debug|Any CPU.ActiveCfg = Debug|Any CPU
		{87C00E0C-AF21-4D05-801F-D8DD4B55A685}.Debug|Any CPU.Build.0 = Debug|Any CPU
		{87C00E0C-AF21-4D05-801F-D8DD4B55A685}.Release|Any CPU.ActiveCfg = Release|Any CPU
		{87C00E0C-AF21-4D05-801F-D8DD4B55A685}.Release|Any CPU.Build.0 = Release|Any CPU
		{F79AEC82-DE86-4F7F-8618-9984BD272A95}.Debug|Any CPU.ActiveCfg = Debug|Any CPU
		{F79AEC82-DE86-4F7F-8618-9984BD272A95}.Debug|Any CPU.Build.0 = Debug|Any CPU
		{F79AEC82-DE86-4F7F-8618-9984BD272A95}.Release|Any CPU.ActiveCfg = Release|Any CPU
		{F79AEC82-DE86-4F7F-8618-9984BD272A95}.Release|Any CPU.Build.0 = Release|Any CPU
	EndGlobalSection
EndGlobal
